// !$*UTF8*$!
{
	archiveVersion = 1;
	classes = {
	};
	objectVersion = 46;
	objects = {

/* Begin PBXBuildFile section */
		B80CAF0D19F1C85600716169 /* main.m in Sources */ = {isa = PBXBuildFile; fileRef = B80CAF0C19F1C85600716169 /* main.m */; };
		B80CAF1019F1C85600716169 /* AppDelegate.m in Sources */ = {isa = PBXBuildFile; fileRef = B80CAF0F19F1C85600716169 /* AppDelegate.m */; };
		B80CAF1319F1C85600716169 /* CustomTableViewController.m in Sources */ = {isa = PBXBuildFile; fileRef = B80CAF1219F1C85600716169 /* CustomTableViewController.m */; };
		B80CAF1619F1C85600716169 /* Main.storyboard in Resources */ = {isa = PBXBuildFile; fileRef = B80CAF1419F1C85600716169 /* Main.storyboard */; };
		B80CAF1819F1C85600716169 /* Images.xcassets in Resources */ = {isa = PBXBuildFile; fileRef = B80CAF1719F1C85600716169 /* Images.xcassets */; };
		B80CAF1B19F1C85600716169 /* LaunchScreen.xib in Resources */ = {isa = PBXBuildFile; fileRef = B80CAF1919F1C85600716169 /* LaunchScreen.xib */; };
		B80CAF2719F1C85600716169 /* Project4iOSTests.m in Sources */ = {isa = PBXBuildFile; fileRef = B80CAF2619F1C85600716169 /* Project4iOSTests.m */; };
		B80CAF3319F1CA9600716169 /* Bolts.framework in Frameworks */ = {isa = PBXBuildFile; fileRef = B80CAF3019F1CA9600716169 /* Bolts.framework */; };
		B80CAF3419F1CA9600716169 /* Parse.framework in Frameworks */ = {isa = PBXBuildFile; fileRef = B80CAF3119F1CA9600716169 /* Parse.framework */; };
		B80CAF3519F1CA9600716169 /* ParseFacebookUtils.framework in Frameworks */ = {isa = PBXBuildFile; fileRef = B80CAF3219F1CA9600716169 /* ParseFacebookUtils.framework */; };
		B80CAF3919F1CC0F00716169 /* CustomPFLoginViewController.m in Sources */ = {isa = PBXBuildFile; fileRef = B80CAF3819F1CC0F00716169 /* CustomPFLoginViewController.m */; };
		B80CAF3C19F1CC6800716169 /* CustomPFSignUpViewController.m in Sources */ = {isa = PBXBuildFile; fileRef = B80CAF3B19F1CC6800716169 /* CustomPFSignUpViewController.m */; };
		B80CAF3F19F1CCC200716169 /* AddNewItemViewController.m in Sources */ = {isa = PBXBuildFile; fileRef = B80CAF3E19F1CCC200716169 /* AddNewItemViewController.m */; };
		B80CAF4119F1CD4600716169 /* AddNewItemViewController.xib in Resources */ = {isa = PBXBuildFile; fileRef = B80CAF4019F1CD4600716169 /* AddNewItemViewController.xib */; };
		B80CAF4419F1CD8300716169 /* CustomTableViewCell.m in Sources */ = {isa = PBXBuildFile; fileRef = B80CAF4319F1CD8300716169 /* CustomTableViewCell.m */; };
		B80CAF4619F1CDAE00716169 /* CustomTableViewCell.xib in Resources */ = {isa = PBXBuildFile; fileRef = B80CAF4519F1CDAE00716169 /* CustomTableViewCell.xib */; };
		B80CAF4819F1CE6A00716169 /* Accounts.framework in Frameworks */ = {isa = PBXBuildFile; fileRef = B80CAF4719F1CE6A00716169 /* Accounts.framework */; };
		B80CAF4A19F1CE7E00716169 /* Social.framework in Frameworks */ = {isa = PBXBuildFile; fileRef = B80CAF4919F1CE7E00716169 /* Social.framework */; };
		B80CAF4C19F1CE9100716169 /* SystemConfiguration.framework in Frameworks */ = {isa = PBXBuildFile; fileRef = B80CAF4B19F1CE9100716169 /* SystemConfiguration.framework */; };
		B80CAF4E19F1CEA100716169 /* StoreKit.framework in Frameworks */ = {isa = PBXBuildFile; fileRef = B80CAF4D19F1CEA100716169 /* StoreKit.framework */; };
		B80CAF5019F1CEAC00716169 /* Security.framework in Frameworks */ = {isa = PBXBuildFile; fileRef = B80CAF4F19F1CEAC00716169 /* Security.framework */; };
		B80CAF5219F1CEBB00716169 /* QuartzCore.framework in Frameworks */ = {isa = PBXBuildFile; fileRef = B80CAF5119F1CEBB00716169 /* QuartzCore.framework */; };
		B80CAF5419F1CECA00716169 /* MobileCoreServices.framework in Frameworks */ = {isa = PBXBuildFile; fileRef = B80CAF5319F1CECA00716169 /* MobileCoreServices.framework */; };
		B80CAF5619F1CEE400716169 /* libz.dylib in Frameworks */ = {isa = PBXBuildFile; fileRef = B80CAF5519F1CEE400716169 /* libz.dylib */; };
		B80CAF5819F1CEF200716169 /* CoreLocation.framework in Frameworks */ = {isa = PBXBuildFile; fileRef = B80CAF5719F1CEF200716169 /* CoreLocation.framework */; };
		B80CAF5A19F1CF0500716169 /* CoreGraphics.framework in Frameworks */ = {isa = PBXBuildFile; fileRef = B80CAF5919F1CF0500716169 /* CoreGraphics.framework */; };
		B80CAF5C19F1CF1200716169 /* CFNetwork.framework in Frameworks */ = {isa = PBXBuildFile; fileRef = B80CAF5B19F1CF1200716169 /* CFNetwork.framework */; };
		B80CAF5E19F1CF1E00716169 /* AudioToolbox.framework in Frameworks */ = {isa = PBXBuildFile; fileRef = B80CAF5D19F1CF1E00716169 /* AudioToolbox.framework */; };
		B80CAF6A19F1CF4300716169 /* Icon-76.png in Resources */ = {isa = PBXBuildFile; fileRef = B80CAF6019F1CF4300716169 /* Icon-76.png */; };
		B80CAF6B19F1CF4300716169 /* Icon-76@2x.png in Resources */ = {isa = PBXBuildFile; fileRef = B80CAF6119F1CF4300716169 /* Icon-76@2x.png */; };
		B80CAF6C19F1CF4300716169 /* Icon.png in Resources */ = {isa = PBXBuildFile; fileRef = B80CAF6219F1CF4300716169 /* Icon.png */; };
		B80CAF6D19F1CF4300716169 /* Icon@2x.png in Resources */ = {isa = PBXBuildFile; fileRef = B80CAF6319F1CF4300716169 /* Icon@2x.png */; };
		B80CAF6E19F1CF4300716169 /* loginBackground-568h.png in Resources */ = {isa = PBXBuildFile; fileRef = B80CAF6419F1CF4300716169 /* loginBackground-568h.png */; };
		B80CAF6F19F1CF4300716169 /* loginBackground-568h@2x.png in Resources */ = {isa = PBXBuildFile; fileRef = B80CAF6519F1CF4300716169 /* loginBackground-568h@2x.png */; };
		B80CAF7019F1CF4300716169 /* loginBackground~iPad.png in Resources */ = {isa = PBXBuildFile; fileRef = B80CAF6619F1CF4300716169 /* loginBackground~iPad.png */; };
		B80CAF7119F1CF4300716169 /* loginBackground~iPad@2x.png in Resources */ = {isa = PBXBuildFile; fileRef = B80CAF6719F1CF4300716169 /* loginBackground~iPad@2x.png */; };
		B80CAF7219F1CF4300716169 /* LoginFieldBG.png in Resources */ = {isa = PBXBuildFile; fileRef = B80CAF6819F1CF4300716169 /* LoginFieldBG.png */; };
		B80CAF7319F1CF4300716169 /* SignUpFieldBG.png in Resources */ = {isa = PBXBuildFile; fileRef = B80CAF6919F1CF4300716169 /* SignUpFieldBG.png */; };
		B8C59C2519F495A00080D1F8 /* Reachability.m in Sources */ = {isa = PBXBuildFile; fileRef = B8C59C2419F495A00080D1F8 /* Reachability.m */; };
/* End PBXBuildFile section */

/* Begin PBXContainerItemProxy section */
		B80CAF2119F1C85600716169 /* PBXContainerItemProxy */ = {
			isa = PBXContainerItemProxy;
			containerPortal = B80CAEFF19F1C85600716169 /* Project object */;
			proxyType = 1;
			remoteGlobalIDString = B80CAF0619F1C85600716169;
			remoteInfo = Project4iOS;
		};
/* End PBXContainerItemProxy section */

/* Begin PBXFileReference section */
		B80CAF0719F1C85600716169 /* Project4iOS.app */ = {isa = PBXFileReference; explicitFileType = wrapper.application; includeInIndex = 0; path = Project4iOS.app; sourceTree = BUILT_PRODUCTS_DIR; };
		B80CAF0B19F1C85600716169 /* Info.plist */ = {isa = PBXFileReference; lastKnownFileType = text.plist.xml; path = Info.plist; sourceTree = "<group>"; };
		B80CAF0C19F1C85600716169 /* main.m */ = {isa = PBXFileReference; lastKnownFileType = sourcecode.c.objc; path = main.m; sourceTree = "<group>"; };
		B80CAF0E19F1C85600716169 /* AppDelegate.h */ = {isa = PBXFileReference; lastKnownFileType = sourcecode.c.h; path = AppDelegate.h; sourceTree = "<group>"; };
		B80CAF0F19F1C85600716169 /* AppDelegate.m */ = {isa = PBXFileReference; lastKnownFileType = sourcecode.c.objc; path = AppDelegate.m; sourceTree = "<group>"; };
		B80CAF1119F1C85600716169 /* CustomTableViewController.h */ = {isa = PBXFileReference; lastKnownFileType = sourcecode.c.h; path = CustomTableViewController.h; sourceTree = "<group>"; };
		B80CAF1219F1C85600716169 /* CustomTableViewController.m */ = {isa = PBXFileReference; lastKnownFileType = sourcecode.c.objc; path = CustomTableViewController.m; sourceTree = "<group>"; };
		B80CAF1519F1C85600716169 /* Base */ = {isa = PBXFileReference; lastKnownFileType = file.storyboard; name = Base; path = Base.lproj/Main.storyboard; sourceTree = "<group>"; };
		B80CAF1719F1C85600716169 /* Images.xcassets */ = {isa = PBXFileReference; lastKnownFileType = folder.assetcatalog; path = Images.xcassets; sourceTree = "<group>"; };
		B80CAF1A19F1C85600716169 /* Base */ = {isa = PBXFileReference; lastKnownFileType = file.xib; name = Base; path = Base.lproj/LaunchScreen.xib; sourceTree = "<group>"; };
		B80CAF2019F1C85600716169 /* Project4iOSTests.xctest */ = {isa = PBXFileReference; explicitFileType = wrapper.cfbundle; includeInIndex = 0; path = Project4iOSTests.xctest; sourceTree = BUILT_PRODUCTS_DIR; };
		B80CAF2519F1C85600716169 /* Info.plist */ = {isa = PBXFileReference; lastKnownFileType = text.plist.xml; path = Info.plist; sourceTree = "<group>"; };
		B80CAF2619F1C85600716169 /* Project4iOSTests.m */ = {isa = PBXFileReference; lastKnownFileType = sourcecode.c.objc; path = Project4iOSTests.m; sourceTree = "<group>"; };
		B80CAF3019F1CA9600716169 /* Bolts.framework */ = {isa = PBXFileReference; lastKnownFileType = wrapper.framework; path = Bolts.framework; sourceTree = SOURCE_ROOT; };
		B80CAF3119F1CA9600716169 /* Parse.framework */ = {isa = PBXFileReference; lastKnownFileType = wrapper.framework; path = Parse.framework; sourceTree = SOURCE_ROOT; };
		B80CAF3219F1CA9600716169 /* ParseFacebookUtils.framework */ = {isa = PBXFileReference; lastKnownFileType = wrapper.framework; path = ParseFacebookUtils.framework; sourceTree = SOURCE_ROOT; };
		B80CAF3719F1CC0F00716169 /* CustomPFLoginViewController.h */ = {isa = PBXFileReference; fileEncoding = 4; lastKnownFileType = sourcecode.c.h; path = CustomPFLoginViewController.h; sourceTree = "<group>"; };
		B80CAF3819F1CC0F00716169 /* CustomPFLoginViewController.m */ = {isa = PBXFileReference; fileEncoding = 4; lastKnownFileType = sourcecode.c.objc; path = CustomPFLoginViewController.m; sourceTree = "<group>"; };
		B80CAF3A19F1CC6800716169 /* CustomPFSignUpViewController.h */ = {isa = PBXFileReference; fileEncoding = 4; lastKnownFileType = sourcecode.c.h; path = CustomPFSignUpViewController.h; sourceTree = "<group>"; };
		B80CAF3B19F1CC6800716169 /* CustomPFSignUpViewController.m */ = {isa = PBXFileReference; fileEncoding = 4; lastKnownFileType = sourcecode.c.objc; path = CustomPFSignUpViewController.m; sourceTree = "<group>"; };
		B80CAF3D19F1CCC200716169 /* AddNewItemViewController.h */ = {isa = PBXFileReference; fileEncoding = 4; lastKnownFileType = sourcecode.c.h; path = AddNewItemViewController.h; sourceTree = "<group>"; };
		B80CAF3E19F1CCC200716169 /* AddNewItemViewController.m */ = {isa = PBXFileReference; fileEncoding = 4; lastKnownFileType = sourcecode.c.objc; path = AddNewItemViewController.m; sourceTree = "<group>"; };
		B80CAF4019F1CD4600716169 /* AddNewItemViewController.xib */ = {isa = PBXFileReference; fileEncoding = 4; lastKnownFileType = file.xib; path = AddNewItemViewController.xib; sourceTree = "<group>"; };
		B80CAF4219F1CD8300716169 /* CustomTableViewCell.h */ = {isa = PBXFileReference; fileEncoding = 4; lastKnownFileType = sourcecode.c.h; path = CustomTableViewCell.h; sourceTree = "<group>"; };
		B80CAF4319F1CD8300716169 /* CustomTableViewCell.m */ = {isa = PBXFileReference; fileEncoding = 4; lastKnownFileType = sourcecode.c.objc; path = CustomTableViewCell.m; sourceTree = "<group>"; };
		B80CAF4519F1CDAE00716169 /* CustomTableViewCell.xib */ = {isa = PBXFileReference; fileEncoding = 4; lastKnownFileType = file.xib; path = CustomTableViewCell.xib; sourceTree = "<group>"; };
		B80CAF4719F1CE6A00716169 /* Accounts.framework */ = {isa = PBXFileReference; lastKnownFileType = wrapper.framework; name = Accounts.framework; path = System/Library/Frameworks/Accounts.framework; sourceTree = SDKROOT; };
		B80CAF4919F1CE7E00716169 /* Social.framework */ = {isa = PBXFileReference; lastKnownFileType = wrapper.framework; name = Social.framework; path = System/Library/Frameworks/Social.framework; sourceTree = SDKROOT; };
		B80CAF4B19F1CE9100716169 /* SystemConfiguration.framework */ = {isa = PBXFileReference; lastKnownFileType = wrapper.framework; name = SystemConfiguration.framework; path = System/Library/Frameworks/SystemConfiguration.framework; sourceTree = SDKROOT; };
		B80CAF4D19F1CEA100716169 /* StoreKit.framework */ = {isa = PBXFileReference; lastKnownFileType = wrapper.framework; name = StoreKit.framework; path = System/Library/Frameworks/StoreKit.framework; sourceTree = SDKROOT; };
		B80CAF4F19F1CEAC00716169 /* Security.framework */ = {isa = PBXFileReference; lastKnownFileType = wrapper.framework; name = Security.framework; path = System/Library/Frameworks/Security.framework; sourceTree = SDKROOT; };
		B80CAF5119F1CEBB00716169 /* QuartzCore.framework */ = {isa = PBXFileReference; lastKnownFileType = wrapper.framework; name = QuartzCore.framework; path = System/Library/Frameworks/QuartzCore.framework; sourceTree = SDKROOT; };
		B80CAF5319F1CECA00716169 /* MobileCoreServices.framework */ = {isa = PBXFileReference; lastKnownFileType = wrapper.framework; name = MobileCoreServices.framework; path = System/Library/Frameworks/MobileCoreServices.framework; sourceTree = SDKROOT; };
		B80CAF5519F1CEE400716169 /* libz.dylib */ = {isa = PBXFileReference; lastKnownFileType = "compiled.mach-o.dylib"; name = libz.dylib; path = usr/lib/libz.dylib; sourceTree = SDKROOT; };
		B80CAF5719F1CEF200716169 /* CoreLocation.framework */ = {isa = PBXFileReference; lastKnownFileType = wrapper.framework; name = CoreLocation.framework; path = System/Library/Frameworks/CoreLocation.framework; sourceTree = SDKROOT; };
		B80CAF5919F1CF0500716169 /* CoreGraphics.framework */ = {isa = PBXFileReference; lastKnownFileType = wrapper.framework; name = CoreGraphics.framework; path = System/Library/Frameworks/CoreGraphics.framework; sourceTree = SDKROOT; };
		B80CAF5B19F1CF1200716169 /* CFNetwork.framework */ = {isa = PBXFileReference; lastKnownFileType = wrapper.framework; name = CFNetwork.framework; path = System/Library/Frameworks/CFNetwork.framework; sourceTree = SDKROOT; };
		B80CAF5D19F1CF1E00716169 /* AudioToolbox.framework */ = {isa = PBXFileReference; lastKnownFileType = wrapper.framework; name = AudioToolbox.framework; path = System/Library/Frameworks/AudioToolbox.framework; sourceTree = SDKROOT; };
		B80CAF6019F1CF4300716169 /* Icon-76.png */ = {isa = PBXFileReference; lastKnownFileType = image.png; path = "Icon-76.png"; sourceTree = "<group>"; };
		B80CAF6119F1CF4300716169 /* Icon-76@2x.png */ = {isa = PBXFileReference; lastKnownFileType = image.png; path = "Icon-76@2x.png"; sourceTree = "<group>"; };
		B80CAF6219F1CF4300716169 /* Icon.png */ = {isa = PBXFileReference; lastKnownFileType = image.png; path = Icon.png; sourceTree = "<group>"; };
		B80CAF6319F1CF4300716169 /* Icon@2x.png */ = {isa = PBXFileReference; lastKnownFileType = image.png; path = "Icon@2x.png"; sourceTree = "<group>"; };
		B80CAF6419F1CF4300716169 /* loginBackground-568h.png */ = {isa = PBXFileReference; lastKnownFileType = image.png; path = "loginBackground-568h.png"; sourceTree = "<group>"; };
		B80CAF6519F1CF4300716169 /* loginBackground-568h@2x.png */ = {isa = PBXFileReference; lastKnownFileType = image.png; path = "loginBackground-568h@2x.png"; sourceTree = "<group>"; };
		B80CAF6619F1CF4300716169 /* loginBackground~iPad.png */ = {isa = PBXFileReference; lastKnownFileType = image.png; path = "loginBackground~iPad.png"; sourceTree = "<group>"; };
		B80CAF6719F1CF4300716169 /* loginBackground~iPad@2x.png */ = {isa = PBXFileReference; lastKnownFileType = image.png; path = "loginBackground~iPad@2x.png"; sourceTree = "<group>"; };
		B80CAF6819F1CF4300716169 /* LoginFieldBG.png */ = {isa = PBXFileReference; lastKnownFileType = image.png; path = LoginFieldBG.png; sourceTree = "<group>"; };
		B80CAF6919F1CF4300716169 /* SignUpFieldBG.png */ = {isa = PBXFileReference; lastKnownFileType = image.png; path = SignUpFieldBG.png; sourceTree = "<group>"; };
		B8C59C2319F495A00080D1F8 /* Reachability.h */ = {isa = PBXFileReference; fileEncoding = 4; lastKnownFileType = sourcecode.c.h; path = Reachability.h; sourceTree = "<group>"; };
		B8C59C2419F495A00080D1F8 /* Reachability.m */ = {isa = PBXFileReference; fileEncoding = 4; lastKnownFileType = sourcecode.c.objc; path = Reachability.m; sourceTree = "<group>"; };
/* End PBXFileReference section */

/* Begin PBXFrameworksBuildPhase section */
		B80CAF0419F1C85600716169 /* Frameworks */ = {
			isa = PBXFrameworksBuildPhase;
			buildActionMask = 2147483647;
			files = (
				B80CAF5E19F1CF1E00716169 /* AudioToolbox.framework in Frameworks */,
				B80CAF5C19F1CF1200716169 /* CFNetwork.framework in Frameworks */,
				B80CAF5A19F1CF0500716169 /* CoreGraphics.framework in Frameworks */,
				B80CAF5819F1CEF200716169 /* CoreLocation.framework in Frameworks */,
				B80CAF5619F1CEE400716169 /* libz.dylib in Frameworks */,
				B80CAF5419F1CECA00716169 /* MobileCoreServices.framework in Frameworks */,
				B80CAF5219F1CEBB00716169 /* QuartzCore.framework in Frameworks */,
				B80CAF5019F1CEAC00716169 /* Security.framework in Frameworks */,
				B80CAF4E19F1CEA100716169 /* StoreKit.framework in Frameworks */,
				B80CAF4C19F1CE9100716169 /* SystemConfiguration.framework in Frameworks */,
				B80CAF4A19F1CE7E00716169 /* Social.framework in Frameworks */,
				B80CAF4819F1CE6A00716169 /* Accounts.framework in Frameworks */,
				B80CAF3419F1CA9600716169 /* Parse.framework in Frameworks */,
				B80CAF3319F1CA9600716169 /* Bolts.framework in Frameworks */,
				B80CAF3519F1CA9600716169 /* ParseFacebookUtils.framework in Frameworks */,
			);
			runOnlyForDeploymentPostprocessing = 0;
		};
		B80CAF1D19F1C85600716169 /* Frameworks */ = {
			isa = PBXFrameworksBuildPhase;
			buildActionMask = 2147483647;
			files = (
			);
			runOnlyForDeploymentPostprocessing = 0;
		};
/* End PBXFrameworksBuildPhase section */

/* Begin PBXGroup section */
		B80CAEFE19F1C85600716169 = {
			isa = PBXGroup;
			children = (
				B80CAF3619F1CAA100716169 /* Frameworks */,
				B80CAF0919F1C85600716169 /* Project4iOS */,
				B80CAF2319F1C85600716169 /* Project4iOSTests */,
				B80CAF0819F1C85600716169 /* Products */,
			);
			sourceTree = "<group>";
		};
		B80CAF0819F1C85600716169 /* Products */ = {
			isa = PBXGroup;
			children = (
				B80CAF0719F1C85600716169 /* Project4iOS.app */,
				B80CAF2019F1C85600716169 /* Project4iOSTests.xctest */,
			);
			name = Products;
			sourceTree = "<group>";
		};
		B80CAF0919F1C85600716169 /* Project4iOS */ = {
			isa = PBXGroup;
			children = (
				B8C59C2219F495A00080D1F8 /* Reachability */,
				B80CAF5F19F1CF4300716169 /* images */,
				B80CAF0E19F1C85600716169 /* AppDelegate.h */,
				B80CAF0F19F1C85600716169 /* AppDelegate.m */,
				B80CAF1119F1C85600716169 /* CustomTableViewController.h */,
				B80CAF1219F1C85600716169 /* CustomTableViewController.m */,
				B80CAF1419F1C85600716169 /* Main.storyboard */,
				B80CAF1719F1C85600716169 /* Images.xcassets */,
				B80CAF1919F1C85600716169 /* LaunchScreen.xib */,
				B80CAF0A19F1C85600716169 /* Supporting Files */,
				B80CAF3719F1CC0F00716169 /* CustomPFLoginViewController.h */,
				B80CAF3819F1CC0F00716169 /* CustomPFLoginViewController.m */,
				B80CAF3A19F1CC6800716169 /* CustomPFSignUpViewController.h */,
				B80CAF3B19F1CC6800716169 /* CustomPFSignUpViewController.m */,
				B80CAF3D19F1CCC200716169 /* AddNewItemViewController.h */,
				B80CAF3E19F1CCC200716169 /* AddNewItemViewController.m */,
				B80CAF4019F1CD4600716169 /* AddNewItemViewController.xib */,
				B80CAF4219F1CD8300716169 /* CustomTableViewCell.h */,
				B80CAF4319F1CD8300716169 /* CustomTableViewCell.m */,
				B80CAF4519F1CDAE00716169 /* CustomTableViewCell.xib */,
			);
			path = Project4iOS;
			sourceTree = "<group>";
		};
		B80CAF0A19F1C85600716169 /* Supporting Files */ = {
			isa = PBXGroup;
			children = (
				B80CAF0B19F1C85600716169 /* Info.plist */,
				B80CAF0C19F1C85600716169 /* main.m */,
			);
			name = "Supporting Files";
			sourceTree = "<group>";
		};
		B80CAF2319F1C85600716169 /* Project4iOSTests */ = {
			isa = PBXGroup;
			children = (
				B80CAF2619F1C85600716169 /* Project4iOSTests.m */,
				B80CAF2419F1C85600716169 /* Supporting Files */,
			);
			path = Project4iOSTests;
			sourceTree = "<group>";
		};
		B80CAF2419F1C85600716169 /* Supporting Files */ = {
			isa = PBXGroup;
			children = (
				B80CAF2519F1C85600716169 /* Info.plist */,
			);
			name = "Supporting Files";
			sourceTree = "<group>";
		};
		B80CAF3619F1CAA100716169 /* Frameworks */ = {
			isa = PBXGroup;
			children = (
				B80CAF5D19F1CF1E00716169 /* AudioToolbox.framework */,
				B80CAF5B19F1CF1200716169 /* CFNetwork.framework */,
				B80CAF5919F1CF0500716169 /* CoreGraphics.framework */,
				B80CAF5719F1CEF200716169 /* CoreLocation.framework */,
				B80CAF5519F1CEE400716169 /* libz.dylib */,
				B80CAF5319F1CECA00716169 /* MobileCoreServices.framework */,
				B80CAF5119F1CEBB00716169 /* QuartzCore.framework */,
				B80CAF4F19F1CEAC00716169 /* Security.framework */,
				B80CAF4D19F1CEA100716169 /* StoreKit.framework */,
				B80CAF4B19F1CE9100716169 /* SystemConfiguration.framework */,
				B80CAF4919F1CE7E00716169 /* Social.framework */,
				B80CAF4719F1CE6A00716169 /* Accounts.framework */,
				B80CAF3019F1CA9600716169 /* Bolts.framework */,
				B80CAF3119F1CA9600716169 /* Parse.framework */,
				B80CAF3219F1CA9600716169 /* ParseFacebookUtils.framework */,
			);
			name = Frameworks;
			path = Project4iOS;
			sourceTree = "<group>";
		};
		B80CAF5F19F1CF4300716169 /* images */ = {
			isa = PBXGroup;
			children = (
				B80CAF6019F1CF4300716169 /* Icon-76.png */,
				B80CAF6119F1CF4300716169 /* Icon-76@2x.png */,
				B80CAF6219F1CF4300716169 /* Icon.png */,
				B80CAF6319F1CF4300716169 /* Icon@2x.png */,
				B80CAF6419F1CF4300716169 /* loginBackground-568h.png */,
				B80CAF6519F1CF4300716169 /* loginBackground-568h@2x.png */,
				B80CAF6619F1CF4300716169 /* loginBackground~iPad.png */,
				B80CAF6719F1CF4300716169 /* loginBackground~iPad@2x.png */,
				B80CAF6819F1CF4300716169 /* LoginFieldBG.png */,
				B80CAF6919F1CF4300716169 /* SignUpFieldBG.png */,
			);
			path = images;
			sourceTree = "<group>";
		};
		B8C59C2219F495A00080D1F8 /* Reachability */ = {
			isa = PBXGroup;
			children = (
				B8C59C2319F495A00080D1F8 /* Reachability.h */,
				B8C59C2419F495A00080D1F8 /* Reachability.m */,
			);
			path = Reachability;
			sourceTree = SOURCE_ROOT;
		};
/* End PBXGroup section */

/* Begin PBXNativeTarget section */
		B80CAF0619F1C85600716169 /* Project4iOS */ = {
			isa = PBXNativeTarget;
			buildConfigurationList = B80CAF2A19F1C85600716169 /* Build configuration list for PBXNativeTarget "Project4iOS" */;
			buildPhases = (
				B80CAF0319F1C85600716169 /* Sources */,
				B80CAF0419F1C85600716169 /* Frameworks */,
				B80CAF0519F1C85600716169 /* Resources */,
			);
			buildRules = (
			);
			dependencies = (
			);
			name = Project4iOS;
			productName = Project4iOS;
			productReference = B80CAF0719F1C85600716169 /* Project4iOS.app */;
			productType = "com.apple.product-type.application";
		};
		B80CAF1F19F1C85600716169 /* Project4iOSTests */ = {
			isa = PBXNativeTarget;
			buildConfigurationList = B80CAF2D19F1C85600716169 /* Build configuration list for PBXNativeTarget "Project4iOSTests" */;
			buildPhases = (
				B80CAF1C19F1C85600716169 /* Sources */,
				B80CAF1D19F1C85600716169 /* Frameworks */,
				B80CAF1E19F1C85600716169 /* Resources */,
			);
			buildRules = (
			);
			dependencies = (
				B80CAF2219F1C85600716169 /* PBXTargetDependency */,
			);
			name = Project4iOSTests;
			productName = Project4iOSTests;
			productReference = B80CAF2019F1C85600716169 /* Project4iOSTests.xctest */;
			productType = "com.apple.product-type.bundle.unit-test";
		};
/* End PBXNativeTarget section */

/* Begin PBXProject section */
		B80CAEFF19F1C85600716169 /* Project object */ = {
			isa = PBXProject;
			attributes = {
				LastUpgradeCheck = 0600;
				ORGANIZATIONNAME = "Elijah Freestone";
				TargetAttributes = {
					B80CAF0619F1C85600716169 = {
						CreatedOnToolsVersion = 6.0.1;
					};
					B80CAF1F19F1C85600716169 = {
						CreatedOnToolsVersion = 6.0.1;
						TestTargetID = B80CAF0619F1C85600716169;
					};
				};
			};
			buildConfigurationList = B80CAF0219F1C85600716169 /* Build configuration list for PBXProject "Project4iOS" */;
			compatibilityVersion = "Xcode 3.2";
			developmentRegion = English;
			hasScannedForEncodings = 0;
			knownRegions = (
				en,
				Base,
			);
			mainGroup = B80CAEFE19F1C85600716169;
			productRefGroup = B80CAF0819F1C85600716169 /* Products */;
			projectDirPath = "";
			projectRoot = "";
			targets = (
				B80CAF0619F1C85600716169 /* Project4iOS */,
				B80CAF1F19F1C85600716169 /* Project4iOSTests */,
			);
		};
/* End PBXProject section */

/* Begin PBXResourcesBuildPhase section */
		B80CAF0519F1C85600716169 /* Resources */ = {
			isa = PBXResourcesBuildPhase;
			buildActionMask = 2147483647;
			files = (
				B80CAF1619F1C85600716169 /* Main.storyboard in Resources */,
				B80CAF6D19F1CF4300716169 /* Icon@2x.png in Resources */,
				B80CAF6F19F1CF4300716169 /* loginBackground-568h@2x.png in Resources */,
				B80CAF1B19F1C85600716169 /* LaunchScreen.xib in Resources */,
				B80CAF4119F1CD4600716169 /* AddNewItemViewController.xib in Resources */,
				B80CAF7219F1CF4300716169 /* LoginFieldBG.png in Resources */,
				B80CAF4619F1CDAE00716169 /* CustomTableViewCell.xib in Resources */,
				B80CAF6C19F1CF4300716169 /* Icon.png in Resources */,
				B80CAF6B19F1CF4300716169 /* Icon-76@2x.png in Resources */,
				B80CAF7319F1CF4300716169 /* SignUpFieldBG.png in Resources */,
				B80CAF7019F1CF4300716169 /* loginBackground~iPad.png in Resources */,
				B80CAF1819F1C85600716169 /* Images.xcassets in Resources */,
				B80CAF6E19F1CF4300716169 /* loginBackground-568h.png in Resources */,
				B80CAF7119F1CF4300716169 /* loginBackground~iPad@2x.png in Resources */,
				B80CAF6A19F1CF4300716169 /* Icon-76.png in Resources */,
			);
			runOnlyForDeploymentPostprocessing = 0;
		};
		B80CAF1E19F1C85600716169 /* Resources */ = {
			isa = PBXResourcesBuildPhase;
			buildActionMask = 2147483647;
			files = (
			);
			runOnlyForDeploymentPostprocessing = 0;
		};
/* End PBXResourcesBuildPhase section */

/* Begin PBXSourcesBuildPhase section */
		B80CAF0319F1C85600716169 /* Sources */ = {
			isa = PBXSourcesBuildPhase;
			buildActionMask = 2147483647;
			files = (
				B80CAF3F19F1CCC200716169 /* AddNewItemViewController.m in Sources */,
				B80CAF4419F1CD8300716169 /* CustomTableViewCell.m in Sources */,
				B8C59C2519F495A00080D1F8 /* Reachability.m in Sources */,
				B80CAF3C19F1CC6800716169 /* CustomPFSignUpViewController.m in Sources */,
				B80CAF1319F1C85600716169 /* CustomTableViewController.m in Sources */,
				B80CAF3919F1CC0F00716169 /* CustomPFLoginViewController.m in Sources */,
				B80CAF1019F1C85600716169 /* AppDelegate.m in Sources */,
				B80CAF0D19F1C85600716169 /* main.m in Sources */,
			);
			runOnlyForDeploymentPostprocessing = 0;
		};
		B80CAF1C19F1C85600716169 /* Sources */ = {
			isa = PBXSourcesBuildPhase;
			buildActionMask = 2147483647;
			files = (
				B80CAF2719F1C85600716169 /* Project4iOSTests.m in Sources */,
			);
			runOnlyForDeploymentPostprocessing = 0;
		};
/* End PBXSourcesBuildPhase section */

/* Begin PBXTargetDependency section */
		B80CAF2219F1C85600716169 /* PBXTargetDependency */ = {
			isa = PBXTargetDependency;
			target = B80CAF0619F1C85600716169 /* Project4iOS */;
			targetProxy = B80CAF2119F1C85600716169 /* PBXContainerItemProxy */;
		};
/* End PBXTargetDependency section */

/* Begin PBXVariantGroup section */
		B80CAF1419F1C85600716169 /* Main.storyboard */ = {
			isa = PBXVariantGroup;
			children = (
				B80CAF1519F1C85600716169 /* Base */,
			);
			name = Main.storyboard;
			sourceTree = "<group>";
		};
		B80CAF1919F1C85600716169 /* LaunchScreen.xib */ = {
			isa = PBXVariantGroup;
			children = (
				B80CAF1A19F1C85600716169 /* Base */,
			);
			name = LaunchScreen.xib;
			sourceTree = "<group>";
		};
/* End PBXVariantGroup section */

/* Begin XCBuildConfiguration section */
		B80CAF2819F1C85600716169 /* Debug */ = {
			isa = XCBuildConfiguration;
			buildSettings = {
				ALWAYS_SEARCH_USER_PATHS = NO;
				CLANG_CXX_LANGUAGE_STANDARD = "gnu++0x";
				CLANG_CXX_LIBRARY = "libc++";
				CLANG_ENABLE_MODULES = YES;
				CLANG_ENABLE_OBJC_ARC = YES;
				CLANG_WARN_BOOL_CONVERSION = YES;
				CLANG_WARN_CONSTANT_CONVERSION = YES;
				CLANG_WARN_DIRECT_OBJC_ISA_USAGE = YES_ERROR;
				CLANG_WARN_EMPTY_BODY = YES;
				CLANG_WARN_ENUM_CONVERSION = YES;
				CLANG_WARN_INT_CONVERSION = YES;
				CLANG_WARN_OBJC_ROOT_CLASS = YES_ERROR;
				CLANG_WARN_UNREACHABLE_CODE = YES;
				CLANG_WARN__DUPLICATE_METHOD_MATCH = YES;
				"CODE_SIGN_IDENTITY[sdk=iphoneos*]" = "iPhone Developer";
				COPY_PHASE_STRIP = NO;
				ENABLE_STRICT_OBJC_MSGSEND = YES;
				GCC_C_LANGUAGE_STANDARD = gnu99;
				GCC_DYNAMIC_NO_PIC = NO;
				GCC_OPTIMIZATION_LEVEL = 0;
				GCC_PREPROCESSOR_DEFINITIONS = (
					"DEBUG=1",
					"$(inherited)",
				);
				GCC_SYMBOLS_PRIVATE_EXTERN = NO;
				GCC_WARN_64_TO_32_BIT_CONVERSION = YES;
				GCC_WARN_ABOUT_RETURN_TYPE = YES_ERROR;
				GCC_WARN_UNDECLARED_SELECTOR = YES;
				GCC_WARN_UNINITIALIZED_AUTOS = YES_AGGRESSIVE;
				GCC_WARN_UNUSED_FUNCTION = YES;
				GCC_WARN_UNUSED_VARIABLE = YES;
				IPHONEOS_DEPLOYMENT_TARGET = 8.0;
				MTL_ENABLE_DEBUG_INFO = YES;
				ONLY_ACTIVE_ARCH = YES;
				SDKROOT = iphoneos;
				TARGETED_DEVICE_FAMILY = "1,2";
			};
			name = Debug;
		};
		B80CAF2919F1C85600716169 /* Release */ = {
			isa = XCBuildConfiguration;
			buildSettings = {
				ALWAYS_SEARCH_USER_PATHS = NO;
				CLANG_CXX_LANGUAGE_STANDARD = "gnu++0x";
				CLANG_CXX_LIBRARY = "libc++";
				CLANG_ENABLE_MODULES = YES;
				CLANG_ENABLE_OBJC_ARC = YES;
				CLANG_WARN_BOOL_CONVERSION = YES;
				CLANG_WARN_CONSTANT_CONVERSION = YES;
				CLANG_WARN_DIRECT_OBJC_ISA_USAGE = YES_ERROR;
				CLANG_WARN_EMPTY_BODY = YES;
				CLANG_WARN_ENUM_CONVERSION = YES;
				CLANG_WARN_INT_CONVERSION = YES;
				CLANG_WARN_OBJC_ROOT_CLASS = YES_ERROR;
				CLANG_WARN_UNREACHABLE_CODE = YES;
				CLANG_WARN__DUPLICATE_METHOD_MATCH = YES;
				"CODE_SIGN_IDENTITY[sdk=iphoneos*]" = "iPhone Developer";
				COPY_PHASE_STRIP = YES;
				ENABLE_NS_ASSERTIONS = NO;
				ENABLE_STRICT_OBJC_MSGSEND = YES;
				GCC_C_LANGUAGE_STANDARD = gnu99;
				GCC_WARN_64_TO_32_BIT_CONVERSION = YES;
				GCC_WARN_ABOUT_RETURN_TYPE = YES_ERROR;
				GCC_WARN_UNDECLARED_SELECTOR = YES;
				GCC_WARN_UNINITIALIZED_AUTOS = YES_AGGRESSIVE;
				GCC_WARN_UNUSED_FUNCTION = YES;
				GCC_WARN_UNUSED_VARIABLE = YES;
				IPHONEOS_DEPLOYMENT_TARGET = 8.0;
				MTL_ENABLE_DEBUG_INFO = NO;
				SDKROOT = iphoneos;
				TARGETED_DEVICE_FAMILY = "1,2";
				VALIDATE_PRODUCT = YES;
			};
			name = Release;
		};
		B80CAF2B19F1C85600716169 /* Debug */ = {
			isa = XCBuildConfiguration;
			buildSettings = {
				ASSETCATALOG_COMPILER_APPICON_NAME = AppIcon;
				FRAMEWORK_SEARCH_PATHS = (
					"$(inherited)",
					"$(PROJECT_DIR)",
				);
				INFOPLIST_FILE = Project4iOS/Info.plist;
				IPHONEOS_DEPLOYMENT_TARGET = 7.0;
				LD_RUNPATH_SEARCH_PATHS = "$(inherited) @executable_path/Frameworks";
				PRODUCT_NAME = Project4iOS;
			};
			name = Debug;
		};
		B80CAF2C19F1C85600716169 /* Release */ = {
			isa = XCBuildConfiguration;
			buildSettings = {
				ASSETCATALOG_COMPILER_APPICON_NAME = AppIcon;
				FRAMEWORK_SEARCH_PATHS = (
					"$(inherited)",
					"$(PROJECT_DIR)",
				);
				INFOPLIST_FILE = Project4iOS/Info.plist;
				IPHONEOS_DEPLOYMENT_TARGET = 7.0;
				LD_RUNPATH_SEARCH_PATHS = "$(inherited) @executable_path/Frameworks";
				PRODUCT_NAME = Project4iOS;
			};
			name = Release;
		};
		B80CAF2E19F1C85600716169 /* Debug */ = {
			isa = XCBuildConfiguration;
			buildSettings = {
				BUNDLE_LOADER = "$(TEST_HOST)";
				FRAMEWORK_SEARCH_PATHS = (
					"$(SDKROOT)/Developer/Library/Frameworks",
					"$(inherited)",
				);
				GCC_PREPROCESSOR_DEFINITIONS = (
					"DEBUG=1",
					"$(inherited)",
				);
				INFOPLIST_FILE = Project4iOSTests/Info.plist;
				LD_RUNPATH_SEARCH_PATHS = "$(inherited) @executable_path/Frameworks @loader_path/Frameworks";
				PRODUCT_NAME = Project4iOSTests;
				TEST_HOST = "$(BUILT_PRODUCTS_DIR)/Project4iOS.app/Project4iOS";
			};
			name = Debug;
		};
		B80CAF2F19F1C85600716169 /* Release */ = {
			isa = XCBuildConfiguration;
			buildSettings = {
				BUNDLE_LOADER = "$(TEST_HOST)";
				FRAMEWORK_SEARCH_PATHS = (
					"$(SDKROOT)/Developer/Library/Frameworks",
					"$(inherited)",
				);
				INFOPLIST_FILE = Project4iOSTests/Info.plist;
				LD_RUNPATH_SEARCH_PATHS = "$(inherited) @executable_path/Frameworks @loader_path/Frameworks";
				PRODUCT_NAME = Project4iOSTests;
				TEST_HOST = "$(BUILT_PRODUCTS_DIR)/Project4iOS.app/Project4iOS";
			};
			name = Release;
		};
/* End XCBuildConfiguration section */

/* Begin XCConfigurationList section */
		B80CAF0219F1C85600716169 /* Build configuration list for PBXProject "Project4iOS" */ = {
			isa = XCConfigurationList;
			buildConfigurations = (
				B80CAF2819F1C85600716169 /* Debug */,
				B80CAF2919F1C85600716169 /* Release */,
			);
			defaultConfigurationIsVisible = 0;
			defaultConfigurationName = Release;
		};
		B80CAF2A19F1C85600716169 /* Build configuration list for PBXNativeTarget "Project4iOS" */ = {
			isa = XCConfigurationList;
			buildConfigurations = (
				B80CAF2B19F1C85600716169 /* Debug */,
				B80CAF2C19F1C85600716169 /* Release */,
			);
			defaultConfigurationIsVisible = 0;
			defaultConfigurationName = Release;
		};
		B80CAF2D19F1C85600716169 /* Build configuration list for PBXNativeTarget "Project4iOSTests" */ = {
			isa = XCConfigurationList;
			buildConfigurations = (
				B80CAF2E19F1C85600716169 /* Debug */,
				B80CAF2F19F1C85600716169 /* Release */,
			);
			defaultConfigurationIsVisible = 0;
			defaultConfigurationName = Release;
		};
/* End XCConfigurationList section */
	};
	rootObject = B80CAEFF19F1C85600716169 /* Project object */;
}
